
Microsoft Visual Studio Solution File, Format Version 12.00
# Visual Studio Version 16
VisualStudioVersion = 16.0.35425.106
MinimumVisualStudioVersion = 10.0.40219.1
Project("{8BC9CEB8-8B4A-11D0-8D11-00A0C91BC942}") = "Project1_250119", "Project1_250119.vcxproj", "{7B99AC25-CFEC-4031-A346-4FED250CADF8}"
EndProject
Global
	GlobalSection(SolutionConfigurationPlatforms) = preSolution
		Debug|x64 = Debug|x64
		Debug|x86 = Debug|x86
		Release|x64 = Release|x64
		Release|x86 = Release|x86
	EndGlobalSection
	GlobalSection(ProjectConfigurationPlatforms) = postSolution
		{7B99AC25-CFEC-4031-A346-4FED250CADF8}.Debug|x64.ActiveCfg = Debug|x64
		{7B99AC25-CFEC-4031-A346-4FED250CADF8}.Debug|x64.Build.0 = Debug|x64
		{7B99AC25-CFEC-4031-A346-4FED250CADF8}.Debug|x86.ActiveCfg = Debug|Win32
		{7B99AC25-CFEC-4031-A346-4FED250CADF8}.Debug|x86.Build.0 = Debug|Win32
		{7B99AC25-CFEC-4031-A346-4FED250CADF8}.Release|x64.ActiveCfg = Release|x64
		{7B99AC25-CFEC-4031-A346-4FED250CADF8}.Release|x64.Build.0 = Release|x64
		{7B99AC25-CFEC-4031-A346-4FED250CADF8}.Release|x86.ActiveCfg = Release|Win32
		{7B99AC25-CFEC-4031-A346-4FED250CADF8}.Release|x86.Build.0 = Release|Win32
	EndGlobalSection
	GlobalSection(SolutionProperties) = preSolution
		HideSolutionNode = FALSE
	EndGlobalSection
	GlobalSection(ExtensibilityGlobals) = postSolution
		SolutionGuid = {F0ED893C-9F05-4F70-8C08-8AE36A0BA4A3}
	EndGlobalSection
EndGlobal
